// !$*UTF8*$!
{
	archiveVersion = 1;
	classes = {
	};
	objectVersion = 50;
	objects = {

/* Begin PBXBuildFile section */
		47777F8320A0C19F001F403F /* AppDelegate.swift in Sources */ = {isa = PBXBuildFile; fileRef = 47777F8220A0C19F001F403F /* AppDelegate.swift */; };
		47777F8520A0C19F001F403F /* ViewController.swift in Sources */ = {isa = PBXBuildFile; fileRef = 47777F8420A0C19F001F403F /* ViewController.swift */; };
		47777F8820A0C19F001F403F /* Main.storyboard in Resources */ = {isa = PBXBuildFile; fileRef = 47777F8620A0C19F001F403F /* Main.storyboard */; };
		47777F8B20A0C19F001F403F /* Swift_Fun.xcdatamodeld in Sources */ = {isa = PBXBuildFile; fileRef = 47777F8920A0C19F001F403F /* Swift_Fun.xcdatamodeld */; };
		47777F8D20A0C1A1001F403F /* Assets.xcassets in Resources */ = {isa = PBXBuildFile; fileRef = 47777F8C20A0C1A1001F403F /* Assets.xcassets */; };
		47777F9020A0C1A1001F403F /* LaunchScreen.storyboard in Resources */ = {isa = PBXBuildFile; fileRef = 47777F8E20A0C1A1001F403F /* LaunchScreen.storyboard */; };
/* End PBXBuildFile section */

/* Begin PBXFileReference section */
		47777F7F20A0C19F001F403F /* Swift Fun.app */ = {isa = PBXFileReference; explicitFileType = wrapper.application; includeInIndex = 0; path = "Swift Fun.app"; sourceTree = BUILT_PRODUCTS_DIR; };
		47777F8220A0C19F001F403F /* AppDelegate.swift */ = {isa = PBXFileReference; lastKnownFileType = sourcecode.swift; path = AppDelegate.swift; sourceTree = "<group>"; };
		47777F8420A0C19F001F403F /* ViewController.swift */ = {isa = PBXFileReference; lastKnownFileType = sourcecode.swift; path = ViewController.swift; sourceTree = "<group>"; };
		47777F8720A0C19F001F403F /* Base */ = {isa = PBXFileReference; lastKnownFileType = file.storyboard; name = Base; path = Base.lproj/Main.storyboard; sourceTree = "<group>"; };
		47777F8A20A0C19F001F403F /* Swift_Fun.xcdatamodel */ = {isa = PBXFileReference; lastKnownFileType = wrapper.xcdatamodel; path = Swift_Fun.xcdatamodel; sourceTree = "<group>"; };
		47777F8C20A0C1A1001F403F /* Assets.xcassets */ = {isa = PBXFileReference; lastKnownFileType = folder.assetcatalog; path = Assets.xcassets; sourceTree = "<group>"; };
		47777F8F20A0C1A1001F403F /* Base */ = {isa = PBXFileReference; lastKnownFileType = file.storyboard; name = Base; path = Base.lproj/LaunchScreen.storyboard; sourceTree = "<group>"; };
		47777F9120A0C1A1001F403F /* Info.plist */ = {isa = PBXFileReference; lastKnownFileType = text.plist.xml; path = Info.plist; sourceTree = "<group>"; };
/* End PBXFileReference section */

/* Begin PBXFrameworksBuildPhase section */
		47777F7C20A0C19F001F403F /* Frameworks */ = {
			isa = PBXFrameworksBuildPhase;
			buildActionMask = 2147483647;
			files = (
			);
			runOnlyForDeploymentPostprocessing = 0;
		};
/* End PBXFrameworksBuildPhase section */

/* Begin PBXGroup section */
		47777F7620A0C19F001F403F = {
			isa = PBXGroup;
			children = (
				47777F8120A0C19F001F403F /* Swift Fun */,
				47777F8020A0C19F001F403F /* Products */,
			);
			sourceTree = "<group>";
		};
		47777F8020A0C19F001F403F /* Products */ = {
			isa = PBXGroup;
			children = (
				47777F7F20A0C19F001F403F /* Swift Fun.app */,
			);
			name = Products;
			sourceTree = "<group>";
		};
		47777F8120A0C19F001F403F /* Swift Fun */ = {
			isa = PBXGroup;
			children = (
				47777F8220A0C19F001F403F /* AppDelegate.swift */,
				47777F8420A0C19F001F403F /* ViewController.swift */,
				47777F8620A0C19F001F403F /* Main.storyboard */,
				47777F8C20A0C1A1001F403F /* Assets.xcassets */,
				47777F8E20A0C1A1001F403F /* LaunchScreen.storyboard */,
				47777F9120A0C1A1001F403F /* Info.plist */,
				47777F8920A0C19F001F403F /* Swift_Fun.xcdatamodeld */,
			);
			path = "Swift Fun";
			sourceTree = "<group>";
		};
/* End PBXGroup section */

/* Begin PBXNativeTarget section */
		47777F7E20A0C19F001F403F /* Swift Fun */ = {
			isa = PBXNativeTarget;
			buildConfigurationList = 47777F9420A0C1A1001F403F /* Build configuration list for PBXNativeTarget "Swift Fun" */;
			buildPhases = (
				47777F7B20A0C19F001F403F /* Sources */,
				47777F7C20A0C19F001F403F /* Frameworks */,
				47777F7D20A0C19F001F403F /* Resources */,
			);
			buildRules = (
			);
			dependencies = (
			);
			name = "Swift Fun";
			productName = "Swift Fun";
			productReference = 47777F7F20A0C19F001F403F /* Swift Fun.app */;
			productType = "com.apple.product-type.application";
		};
/* End PBXNativeTarget section */

/* Begin PBXProject section */
		47777F7720A0C19F001F403F /* Project object */ = {
			isa = PBXProject;
			attributes = {
				LastSwiftUpdateCheck = 0940;
				LastUpgradeCheck = 0940;
				ORGANIZATIONNAME = "Lamin Tamba";
				TargetAttributes = {
					47777F7E20A0C19F001F403F = {
						CreatedOnToolsVersion = 9.4;
					};
				};
			};
			buildConfigurationList = 47777F7A20A0C19F001F403F /* Build configuration list for PBXProject "Swift Fun" */;
			compatibilityVersion = "Xcode 9.3";
			developmentRegion = en;
			hasScannedForEncodings = 0;
			knownRegions = (
				en,
				Base,
			);
			mainGroup = 47777F7620A0C19F001F403F;
			productRefGroup = 47777F8020A0C19F001F403F /* Products */;
			projectDirPath = "";
			projectRoot = "";
			targets = (
				47777F7E20A0C19F001F403F /* Swift Fun */,
			);
		};
/* End PBXProject section */

/* Begin PBXResourcesBuildPhase section */
		47777F7D20A0C19F001F403F /* Resources */ = {
			isa = PBXResourcesBuildPhase;
			buildActionMask = 2147483647;
			files = (
				47777F9020A0C1A1001F403F /* LaunchScreen.storyboard in Resources */,
				47777F8D20A0C1A1001F403F /* Assets.xcassets in Resources */,
				47777F8820A0C19F001F403F /* Main.storyboard in Resources */,
			);
			runOnlyForDeploymentPostprocessing = 0;
		};
/* End PBXResourcesBuildPhase section */

/* Begin PBXSourcesBuildPhase section */
		47777F7B20A0C19F001F403F /* Sources */ = {
			isa = PBXSourcesBuildPhase;
			buildActionMask = 2147483647;
			files = (
				47777F8520A0C19F001F403F /* ViewController.swift in Sources */,
				47777F8320A0C19F001F403F /* AppDelegate.swift in Sources */,
				47777F8B20A0C19F001F403F /* Swift_Fun.xcdatamodeld in Sources */,
			);
			runOnlyForDeploymentPostprocessing = 0;
		};
/* End PBXSourcesBuildPhase section */

/* Begin PBXVariantGroup section */
		47777F8620A0C19F001F403F /* Main.storyboard */ = {
			isa = PBXVariantGroup;
			children = (
				47777F8720A0C19F001F403F /* Base */,
			);
			name = Main.storyboard;
			sourceTree = "<group>";
		};
		47777F8E20A0C1A1001F403F /* LaunchScreen.storyboard */ = {
			isa = PBXVariantGroup;
			children = (
				47777F8F20A0C1A1001F403F /* Base */,
			);
			name = LaunchScreen.storyboard;
			sourceTree = "<group>";
		};
/* End PBXVariantGroup section */

/* Begin XCBuildConfiguration section */
		47777F9220A0C1A1001F403F /* Debug */ = {
			isa = XCBuildConfiguration;
			buildSettings = {
				ALWAYS_SEARCH_USER_PATHS = NO;
				CLANG_ANALYZER_NONNULL = YES;
				CLANG_ANALYZER_NUMBER_OBJECT_CONVERSION = YES_AGGRESSIVE;
				CLANG_CXX_LANGUAGE_STANDARD = "gnu++14";
				CLANG_CXX_LIBRARY = "libc++";
				CLANG_ENABLE_MODULES = YES;
				CLANG_ENABLE_OBJC_ARC = YES;
				CLANG_ENABLE_OBJC_WEAK = YES;
				CLANG_WARN_BLOCK_CAPTURE_AUTORELEASING = YES;
				CLANG_WARN_BOOL_CONVERSION = YES;
				CLANG_WARN_COMMA = YES;
				CLANG_WARN_CONSTANT_CONVERSION = YES;
				CLANG_WARN_DEPRECATED_OBJC_IMPLEMENTATIONS = YES;
				CLANG_WARN_DIRECT_OBJC_ISA_USAGE = YES_ERROR;
				CLANG_WARN_DOCUMENTATION_COMMENTS = YES;
				CLANG_WARN_EMPTY_BODY = YES;
				CLANG_WARN_ENUM_CONVERSION = YES;
				CLANG_WARN_INFINITE_RECURSION = YES;
				CLANG_WARN_INT_CONVERSION = YES;
				CLANG_WARN_NON_LITERAL_NULL_CONVERSION = YES;
				CLANG_WARN_OBJC_IMPLICIT_RETAIN_SELF = YES;
				CLANG_WARN_OBJC_LITERAL_CONVERSION = YES;
				CLANG_WARN_OBJC_ROOT_CLASS = YES_ERROR;
				CLANG_WARN_RANGE_LOOP_ANALYSIS = YES;
				CLANG_WARN_STRICT_PROTOTYPES = YES;
				CLANG_WARN_SUSPICIOUS_MOVE = YES;
				CLANG_WARN_UNGUARDED_AVAILABILITY = YES_AGGRESSIVE;
				CLANG_WARN_UNREACHABLE_CODE = YES;
				CLANG_WARN__DUPLICATE_METHOD_MATCH = YES;
				CODE_SIGN_IDENTITY = "iPhone Developer";
				COPY_PHASE_STRIP = NO;
				DEBUG_INFORMATION_FORMAT = dwarf;
				ENABLE_STRICT_OBJC_MSGSEND = YES;
				ENABLE_TESTABILITY = YES;
				GCC_C_LANGUAGE_STANDARD = gnu11;
				GCC_DYNAMIC_NO_PIC = NO;
				GCC_NO_COMMON_BLOCKS = YES;
				GCC_OPTIMIZATION_LEVEL = 0;
				GCC_PREPROCESSOR_DEFINITIONS = (
					"DEBUG=1",
					"$(inherited)",
				);
				GCC_WARN_64_TO_32_BIT_CONVERSION = YES;
				GCC_WARN_ABOUT_RETURN_TYPE = YES_ERROR;
				GCC_WARN_UNDECLARED_SELECTOR = YES;
				GCC_WARN_UNINITIALIZED_AUTOS = YES_AGGRESSIVE;
				GCC_WARN_UNUSED_FUNCTION = YES;
				GCC_WARN_UNUSED_VARIABLE = YES;
				IPHONEOS_DEPLOYMENT_TARGET = 11.4;
				MTL_ENABLE_DEBUG_INFO = YES;
				ONLY_ACTIVE_ARCH = YES;
				SDKROOT = iphoneos;
				SWIFT_ACTIVE_COMPILATION_CONDITIONS = DEBUG;
				SWIFT_OPTIMIZATION_LEVEL = "-Onone";
			};
			name = Debug;
		};
		47777F9320A0C1A1001F403F /* Release */ = {
			isa = XCBuildConfiguration;
			buildSettings = {
				ALWAYS_SEARCH_USER_PATHS = NO;
				CLANG_ANALYZER_NONNULL = YES;
				CLANG_ANALYZER_NUMBER_OBJECT_CONVERSION = YES_AGGRESSIVE;
				CLANG_CXX_LANGUAGE_STANDARD = "gnu++14";
				CLANG_CXX_LIBRARY = "libc++";
				CLANG_ENABLE_MODULES = YES;
				CLANG_ENABLE_OBJC_ARC = YES;
				CLANG_ENABLE_OBJC_WEAK = YES;
				CLANG_WARN_BLOCK_CAPTURE_AUTORELEASING = YES;
				CLANG_WARN_BOOL_CONVERSION = YES;
				CLANG_WARN_COMMA = YES;
				CLANG_WARN_CONSTANT_CONVERSION = YES;
				CLANG_WARN_DEPRECATED_OBJC_IMPLEMENTATIONS = YES;
				CLANG_WARN_DIRECT_OBJC_ISA_USAGE = YES_ERROR;
				CLANG_WARN_DOCUMENTATION_COMMENTS = YES;
				CLANG_WARN_EMPTY_BODY = YES;
				CLANG_WARN_ENUM_CONVERSION = YES;
				CLANG_WARN_INFINITE_RECURSION = YES;
				CLANG_WARN_INT_CONVERSION = YES;
				CLANG_WARN_NON_LITERAL_NULL_CONVERSION = YES;
				CLANG_WARN_OBJC_IMPLICIT_RETAIN_SELF = YES;
				CLANG_WARN_OBJC_LITERAL_CONVERSION = YES;
				CLANG_WARN_OBJC_ROOT_CLASS = YES_ERROR;
				CLANG_WARN_RANGE_LOOP_ANALYSIS = YES;
				CLANG_WARN_STRICT_PROTOTYPES = YES;
				CLANG_WARN_SUSPICIOUS_MOVE = YES;
				CLANG_WARN_UNGUARDED_AVAILABILITY = YES_AGGRESSIVE;
				CLANG_WARN_UNREACHABLE_CODE = YES;
				CLANG_WARN__DUPLICATE_METHOD_MATCH = YES;
				CODE_SIGN_IDENTITY = "iPhone Developer";
				COPY_PHASE_STRIP = NO;
				DEBUG_INFORMATION_FORMAT = "dwarf-with-dsym";
				ENABLE_NS_ASSERTIONS = NO;
				ENABLE_STRICT_OBJC_MSGSEND = YES;
				GCC_C_LANGUAGE_STANDARD = gnu11;
				GCC_NO_COMMON_BLOCKS = YES;
				GCC_WARN_64_TO_32_BIT_CONVERSION = YES;
				GCC_WARN_ABOUT_RETURN_TYPE = YES_ERROR;
				GCC_WARN_UNDECLARED_SELECTOR = YES;
				GCC_WARN_UNINITIALIZED_AUTOS = YES_AGGRESSIVE;
				GCC_WARN_UNUSED_FUNCTION = YES;
				GCC_WARN_UNUSED_VARIABLE = YES;
				IPHONEOS_DEPLOYMENT_TARGET = 11.4;
				MTL_ENABLE_DEBUG_INFO = NO;
				SDKROOT = iphoneos;
				SWIFT_COMPILATION_MODE = wholemodule;
				SWIFT_OPTIMIZATION_LEVEL = "-O";
				VALIDATE_PRODUCT = YES;
			};
			name = Release;
		};
		47777F9520A0C1A1001F403F /* Debug */ = {
			isa = XCBuildConfiguration;
			buildSettings = {
				ASSETCATALOG_COMPILER_APPICON_NAME = AppIcon;
				CODE_SIGN_STYLE = Automatic;
				INFOPLIST_FILE = "Swift Fun/Info.plist";
				LD_RUNPATH_SEARCH_PATHS = (
					"$(inherited)",
					"@executable_path/Frameworks",
				);
				PRODUCT_BUNDLE_IDENTIFIER = "com.codeScriptz.Swift-Fun";
				PRODUCT_NAME = "$(TARGET_NAME)";
				SWIFT_VERSION = 4.0;
				TARGETED_DEVICE_FAMILY = "1,2";
			};
			name = Debug;
		};
		47777F9620A0C1A1001F403F /* Release */ = {
			isa = XCBuildConfiguration;
			buildSettings = {
				ASSETCATALOG_COMPILER_APPICON_NAME = AppIcon;
				CODE_SIGN_STYLE = Automatic;
				INFOPLIST_FILE = "Swift Fun/Info.plist";
				LD_RUNPATH_SEARCH_PATHS = (
					"$(inherited)",
					"@executable_path/Frameworks",
				);
				PRODUCT_BUNDLE_IDENTIFIER = "com.codeScriptz.Swift-Fun";
				PRODUCT_NAME = "$(TARGET_NAME)";
				SWIFT_VERSION = 4.0;
				TARGETED_DEVICE_FAMILY = "1,2";
			};
			name = Release;
		};
/* End XCBuildConfiguration section */

/* Begin XCConfigurationList section */
		47777F7A20A0C19F001F403F /* Build configuration list for PBXProject "Swift Fun" */ = {
			isa = XCConfigurationList;
			buildConfigurations = (
				47777F9220A0C1A1001F403F /* Debug */,
				47777F9320A0C1A1001F403F /* Release */,
			);
			defaultConfigurationIsVisible = 0;
			defaultConfigurationName = Release;
		};
		47777F9420A0C1A1001F403F /* Build configuration list for PBXNativeTarget "Swift Fun" */ = {
			isa = XCConfigurationList;
			buildConfigurations = (
				47777F9520A0C1A1001F403F /* Debug */,
				47777F9620A0C1A1001F403F /* Release */,
			);
			defaultConfigurationIsVisible = 0;
			defaultConfigurationName = Release;
		};
/* End XCConfigurationList section */

/* Begin XCVersionGroup section */
		47777F8920A0C19F001F403F /* Swift_Fun.xcdatamodeld */ = {
			isa = XCVersionGroup;
			children = (
				47777F8A20A0C19F001F403F /* Swift_Fun.xcdatamodel */,
			);
			currentVersion = 47777F8A20A0C19F001F403F /* Swift_Fun.xcdatamodel */;
			path = Swift_Fun.xcdatamodeld;
			sourceTree = "<group>";
			versionGroupType = wrapper.xcdatamodel;
		};
/* End XCVersionGroup section */
	};
	rootObject = 47777F7720A0C19F001F403F /* Project object */;
}
